
Microsoft Visual Studio Solution File, Format Version 12.00
# Visual Studio Version 16
VisualStudioVersion = 16.0.29905.134
MinimumVisualStudioVersion = 10.0.40219.1
Project("{FAE04EC0-301F-11D3-BF4B-00C04F79EFBC}") = "Integration整合", "Integration整合.csproj", "{ECF13BF6-966D-43FF-9944-42F31E64818B}"
EndProject
Global
	GlobalSection(SolutionConfigurationPlatforms) = preSolution
		Debug|Any CPU = Debug|Any CPU
		Release|Any CPU = Release|Any CPU
	EndGlobalSection
	GlobalSection(ProjectConfigurationPlatforms) = postSolution
		{ECF13BF6-966D-43FF-9944-42F31E64818B}.Debug|Any CPU.ActiveCfg = Debug|Any CPU
		{ECF13BF6-966D-43FF-9944-42F31E64818B}.Debug|Any CPU.Build.0 = Debug|Any CPU
		{ECF13BF6-966D-43FF-9944-42F31E64818B}.Release|Any CPU.ActiveCfg = Release|Any CPU
		{ECF13BF6-966D-43FF-9944-42F31E64818B}.Release|Any CPU.Build.0 = Release|Any CPU
	EndGlobalSection
	GlobalSection(SolutionProperties) = preSolution
		HideSolutionNode = FALSE
	EndGlobalSection
	GlobalSection(ExtensibilityGlobals) = postSolution
		SolutionGuid = {A8DC439B-D6F1-4D41-BFC6-CF1EF5945CAC}
	EndGlobalSection
EndGlobal
